// !$*UTF8*$!
{
	archiveVersion = 1;
	classes = {
	};
	objectVersion = 56;
	objects = {

/* Begin PBXBuildFile section */
		FA4949C62AD6E8ED00C62D74 /* main.cpp in Sources */ = {isa = PBXBuildFile; fileRef = FA4949C52AD6E8ED00C62D74 /* main.cpp */; };
		FA9ACE372AD9943B00D14FFB /* libspdlog.1.11.0.dylib in Frameworks */ = {isa = PBXBuildFile; fileRef = FA9ACE362AD9943B00D14FFB /* libspdlog.1.11.0.dylib */; };
		FA9ACE392AD9944B00D14FFB /* libfmt.9.1.0.dylib in Frameworks */ = {isa = PBXBuildFile; fileRef = FA9ACE382AD9944B00D14FFB /* libfmt.9.1.0.dylib */; };
/* End PBXBuildFile section */

/* Begin PBXCopyFilesBuildPhase section */
		FA4949C02AD6E8ED00C62D74 /* CopyFiles */ = {
			isa = PBXCopyFilesBuildPhase;
			buildActionMask = 2147483647;
			dstPath = /usr/share/man/man1/;
			dstSubfolderSpec = 0;
			files = (
			);
			runOnlyForDeploymentPostprocessing = 1;
		};
/* End PBXCopyFilesBuildPhase section */

/* Begin PBXFileReference section */
		FA4949C22AD6E8ED00C62D74 /* immer-test */ = {isa = PBXFileReference; explicitFileType = "compiled.mach-o.executable"; includeInIndex = 0; path = "immer-test"; sourceTree = BUILT_PRODUCTS_DIR; };
		FA4949C52AD6E8ED00C62D74 /* main.cpp */ = {isa = PBXFileReference; lastKnownFileType = sourcecode.cpp.cpp; path = main.cpp; sourceTree = "<group>"; };
		FA4949CC2AD6EAD000C62D74 /* immer */ = {isa = PBXFileReference; lastKnownFileType = wrapper; path = immer; sourceTree = "<group>"; };
		FA9ACE362AD9943B00D14FFB /* libspdlog.1.11.0.dylib */ = {isa = PBXFileReference; lastKnownFileType = "compiled.mach-o.dylib"; name = libspdlog.1.11.0.dylib; path = "../../../../../nix/store/aig3dvp5h3n91pqqgr84n894450bry3l-spdlog-1.11.0/lib/libspdlog.1.11.0.dylib"; sourceTree = "<group>"; };
		FA9ACE382AD9944B00D14FFB /* libfmt.9.1.0.dylib */ = {isa = PBXFileReference; lastKnownFileType = "compiled.mach-o.dylib"; name = libfmt.9.1.0.dylib; path = "../../../../../nix/store/yzghz81g1pm7qwhv5is9zybij0bmrazw-fmt-9.1.0/lib/libfmt.9.1.0.dylib"; sourceTree = "<group>"; };
		FA9ACE3A2AD994B700D14FFB /* libfmt.9.dylib */ = {isa = PBXFileReference; lastKnownFileType = "compiled.mach-o.dylib"; name = libfmt.9.dylib; path = "../../../../../nix/store/yzghz81g1pm7qwhv5is9zybij0bmrazw-fmt-9.1.0/lib/libfmt.9.dylib"; sourceTree = "<group>"; };
		FA9ACE3C2AD994B900D14FFB /* libfmt.dylib */ = {isa = PBXFileReference; lastKnownFileType = "compiled.mach-o.dylib"; name = libfmt.dylib; path = "../../../../../nix/store/yzghz81g1pm7qwhv5is9zybij0bmrazw-fmt-9.1.0/lib/libfmt.dylib"; sourceTree = "<group>"; };
/* End PBXFileReference section */

/* Begin PBXFrameworksBuildPhase section */
		FA4949BF2AD6E8ED00C62D74 /* Frameworks */ = {
			isa = PBXFrameworksBuildPhase;
			buildActionMask = 2147483647;
			files = (
				FA9ACE392AD9944B00D14FFB /* libfmt.9.1.0.dylib in Frameworks */,
				FA9ACE372AD9943B00D14FFB /* libspdlog.1.11.0.dylib in Frameworks */,
			);
			runOnlyForDeploymentPostprocessing = 0;
		};
/* End PBXFrameworksBuildPhase section */

/* Begin PBXGroup section */
		FA4949B92AD6E8ED00C62D74 = {
			isa = PBXGroup;
			children = (
				FA4949C42AD6E8ED00C62D74 /* immer-test */,
				FA4949C32AD6E8ED00C62D74 /* Products */,
				FA9ACE352AD9943B00D14FFB /* Frameworks */,
			);
			sourceTree = "<group>";
		};
		FA4949C32AD6E8ED00C62D74 /* Products */ = {
			isa = PBXGroup;
			children = (
				FA4949C22AD6E8ED00C62D74 /* immer-test */,
			);
			name = Products;
			sourceTree = "<group>";
		};
		FA4949C42AD6E8ED00C62D74 /* immer-test */ = {
			isa = PBXGroup;
			children = (
				FA4949C52AD6E8ED00C62D74 /* main.cpp */,
				FA4949CC2AD6EAD000C62D74 /* immer */,
			);
			path = "immer-test";
			sourceTree = "<group>";
		};
		FA9ACE352AD9943B00D14FFB /* Frameworks */ = {
			isa = PBXGroup;
			children = (
				FA9ACE3C2AD994B900D14FFB /* libfmt.dylib */,
				FA9ACE3A2AD994B700D14FFB /* libfmt.9.dylib */,
				FA9ACE382AD9944B00D14FFB /* libfmt.9.1.0.dylib */,
				FA9ACE362AD9943B00D14FFB /* libspdlog.1.11.0.dylib */,
			);
			name = Frameworks;
			sourceTree = "<group>";
		};
/* End PBXGroup section */

/* Begin PBXNativeTarget section */
		FA4949C12AD6E8ED00C62D74 /* immer-test */ = {
			isa = PBXNativeTarget;
			buildConfigurationList = FA4949C92AD6E8ED00C62D74 /* Build configuration list for PBXNativeTarget "immer-test" */;
			buildPhases = (
				FA4949BE2AD6E8ED00C62D74 /* Sources */,
				FA4949BF2AD6E8ED00C62D74 /* Frameworks */,
				FA4949C02AD6E8ED00C62D74 /* CopyFiles */,
			);
			buildRules = (
			);
			dependencies = (
			);
			name = "immer-test";
			productName = "immer-test";
			productReference = FA4949C22AD6E8ED00C62D74 /* immer-test */;
			productType = "com.apple.product-type.tool";
		};
/* End PBXNativeTarget section */

/* Begin PBXProject section */
		FA4949BA2AD6E8ED00C62D74 /* Project object */ = {
			isa = PBXProject;
			attributes = {
				BuildIndependentTargetsInParallel = 1;
				LastUpgradeCheck = 1500;
				TargetAttributes = {
					FA4949C12AD6E8ED00C62D74 = {
						CreatedOnToolsVersion = 15.0;
					};
				};
			};
			buildConfigurationList = FA4949BD2AD6E8ED00C62D74 /* Build configuration list for PBXProject "immer-test" */;
			compatibilityVersion = "Xcode 14.0";
			developmentRegion = en;
			hasScannedForEncodings = 0;
			knownRegions = (
				en,
				Base,
			);
			mainGroup = FA4949B92AD6E8ED00C62D74;
			productRefGroup = FA4949C32AD6E8ED00C62D74 /* Products */;
			projectDirPath = "";
			projectRoot = "";
			targets = (
				FA4949C12AD6E8ED00C62D74 /* immer-test */,
			);
		};
/* End PBXProject section */

/* Begin PBXSourcesBuildPhase section */
		FA4949BE2AD6E8ED00C62D74 /* Sources */ = {
			isa = PBXSourcesBuildPhase;
			buildActionMask = 2147483647;
			files = (
				FA4949C62AD6E8ED00C62D74 /* main.cpp in Sources */,
			);
			runOnlyForDeploymentPostprocessing = 0;
		};
/* End PBXSourcesBuildPhase section */

/* Begin XCBuildConfiguration section */
		FA4949C72AD6E8ED00C62D74 /* Debug */ = {
			isa = XCBuildConfiguration;
			buildSettings = {
				ALWAYS_SEARCH_USER_PATHS = NO;
				ASSETCATALOG_COMPILER_GENERATE_SWIFT_ASSET_SYMBOL_EXTENSIONS = YES;
				CLANG_ANALYZER_NONNULL = YES;
				CLANG_ANALYZER_NUMBER_OBJECT_CONVERSION = YES_AGGRESSIVE;
				CLANG_CXX_LANGUAGE_STANDARD = "gnu++20";
				CLANG_ENABLE_MODULES = YES;
				CLANG_ENABLE_OBJC_ARC = YES;
				CLANG_ENABLE_OBJC_WEAK = YES;
				CLANG_WARN_BLOCK_CAPTURE_AUTORELEASING = YES;
				CLANG_WARN_BOOL_CONVERSION = YES;
				CLANG_WARN_COMMA = YES;
				CLANG_WARN_CONSTANT_CONVERSION = YES;
				CLANG_WARN_DEPRECATED_OBJC_IMPLEMENTATIONS = YES;
				CLANG_WARN_DIRECT_OBJC_ISA_USAGE = YES_ERROR;
				CLANG_WARN_DOCUMENTATION_COMMENTS = YES;
				CLANG_WARN_EMPTY_BODY = YES;
				CLANG_WARN_ENUM_CONVERSION = YES;
				CLANG_WARN_INFINITE_RECURSION = YES;
				CLANG_WARN_INT_CONVERSION = YES;
				CLANG_WARN_NON_LITERAL_NULL_CONVERSION = YES;
				CLANG_WARN_OBJC_IMPLICIT_RETAIN_SELF = YES;
				CLANG_WARN_OBJC_LITERAL_CONVERSION = YES;
				CLANG_WARN_OBJC_ROOT_CLASS = YES_ERROR;
				CLANG_WARN_QUOTED_INCLUDE_IN_FRAMEWORK_HEADER = YES;
				CLANG_WARN_RANGE_LOOP_ANALYSIS = YES;
				CLANG_WARN_STRICT_PROTOTYPES = YES;
				CLANG_WARN_SUSPICIOUS_MOVE = YES;
				CLANG_WARN_UNGUARDED_AVAILABILITY = YES_AGGRESSIVE;
				CLANG_WARN_UNREACHABLE_CODE = YES;
				CLANG_WARN__DUPLICATE_METHOD_MATCH = YES;
				COPY_PHASE_STRIP = NO;
				DEBUG_INFORMATION_FORMAT = dwarf;
				ENABLE_STRICT_OBJC_MSGSEND = YES;
				ENABLE_TESTABILITY = YES;
				ENABLE_USER_SCRIPT_SANDBOXING = YES;
				GCC_C_LANGUAGE_STANDARD = gnu17;
				GCC_DYNAMIC_NO_PIC = NO;
				GCC_NO_COMMON_BLOCKS = YES;
				GCC_OPTIMIZATION_LEVEL = 0;
				GCC_PREPROCESSOR_DEFINITIONS = (
					"DEBUG=1",
					"$(inherited)",
				);
				GCC_WARN_64_TO_32_BIT_CONVERSION = YES;
				GCC_WARN_ABOUT_RETURN_TYPE = YES_ERROR;
				GCC_WARN_UNDECLARED_SELECTOR = YES;
				GCC_WARN_UNINITIALIZED_AUTOS = YES_AGGRESSIVE;
				GCC_WARN_UNUSED_FUNCTION = YES;
				GCC_WARN_UNUSED_VARIABLE = YES;
				LOCALIZATION_PREFERS_STRING_CATALOGS = YES;
				MACOSX_DEPLOYMENT_TARGET = 14.0;
				MTL_ENABLE_DEBUG_INFO = INCLUDE_SOURCE;
				MTL_FAST_MATH = YES;
				ONLY_ACTIVE_ARCH = YES;
				SDKROOT = macosx;
			};
			name = Debug;
		};
		FA4949C82AD6E8ED00C62D74 /* Release */ = {
			isa = XCBuildConfiguration;
			buildSettings = {
				ALWAYS_SEARCH_USER_PATHS = NO;
				ASSETCATALOG_COMPILER_GENERATE_SWIFT_ASSET_SYMBOL_EXTENSIONS = YES;
				CLANG_ANALYZER_NONNULL = YES;
				CLANG_ANALYZER_NUMBER_OBJECT_CONVERSION = YES_AGGRESSIVE;
				CLANG_CXX_LANGUAGE_STANDARD = "gnu++20";
				CLANG_ENABLE_MODULES = YES;
				CLANG_ENABLE_OBJC_ARC = YES;
				CLANG_ENABLE_OBJC_WEAK = YES;
				CLANG_WARN_BLOCK_CAPTURE_AUTORELEASING = YES;
				CLANG_WARN_BOOL_CONVERSION = YES;
				CLANG_WARN_COMMA = YES;
				CLANG_WARN_CONSTANT_CONVERSION = YES;
				CLANG_WARN_DEPRECATED_OBJC_IMPLEMENTATIONS = YES;
				CLANG_WARN_DIRECT_OBJC_ISA_USAGE = YES_ERROR;
				CLANG_WARN_DOCUMENTATION_COMMENTS = YES;
				CLANG_WARN_EMPTY_BODY = YES;
				CLANG_WARN_ENUM_CONVERSION = YES;
				CLANG_WARN_INFINITE_RECURSION = YES;
				CLANG_WARN_INT_CONVERSION = YES;
				CLANG_WARN_NON_LITERAL_NULL_CONVERSION = YES;
				CLANG_WARN_OBJC_IMPLICIT_RETAIN_SELF = YES;
				CLANG_WARN_OBJC_LITERAL_CONVERSION = YES;
				CLANG_WARN_OBJC_ROOT_CLASS = YES_ERROR;
				CLANG_WARN_QUOTED_INCLUDE_IN_FRAMEWORK_HEADER = YES;
				CLANG_WARN_RANGE_LOOP_ANALYSIS = YES;
				CLANG_WARN_STRICT_PROTOTYPES = YES;
				CLANG_WARN_SUSPICIOUS_MOVE = YES;
				CLANG_WARN_UNGUARDED_AVAILABILITY = YES_AGGRESSIVE;
				CLANG_WARN_UNREACHABLE_CODE = YES;
				CLANG_WARN__DUPLICATE_METHOD_MATCH = YES;
				COPY_PHASE_STRIP = NO;
				DEBUG_INFORMATION_FORMAT = "dwarf-with-dsym";
				ENABLE_NS_ASSERTIONS = NO;
				ENABLE_STRICT_OBJC_MSGSEND = YES;
				ENABLE_USER_SCRIPT_SANDBOXING = YES;
				GCC_C_LANGUAGE_STANDARD = gnu17;
				GCC_NO_COMMON_BLOCKS = YES;
				GCC_WARN_64_TO_32_BIT_CONVERSION = YES;
				GCC_WARN_ABOUT_RETURN_TYPE = YES_ERROR;
				GCC_WARN_UNDECLARED_SELECTOR = YES;
				GCC_WARN_UNINITIALIZED_AUTOS = YES_AGGRESSIVE;
				GCC_WARN_UNUSED_FUNCTION = YES;
				GCC_WARN_UNUSED_VARIABLE = YES;
				LOCALIZATION_PREFERS_STRING_CATALOGS = YES;
				MACOSX_DEPLOYMENT_TARGET = 14.0;
				MTL_ENABLE_DEBUG_INFO = NO;
				MTL_FAST_MATH = YES;
				SDKROOT = macosx;
			};
			name = Release;
		};
		FA4949CA2AD6E8ED00C62D74 /* Debug */ = {
			isa = XCBuildConfiguration;
			buildSettings = {
				CODE_SIGN_STYLE = Automatic;
				"HEADER_SEARCH_PATHS[arch=*]" = (
					"/nix/store/vn1n14mdssg1776wxfbyhcgwrknzxamh-spdlog-1.11.0-dev/include",
					"/nix/store/cdz0a74sy8zksq8swjzlsnr0km8f89y6-fmt-9.1.0-dev/include",
					"/Users/alex/sparus/xcode-immer/immer-test/immer-test/immer",
				);
				PRELINK_LIBS = "";
				PRODUCT_NAME = "$(TARGET_NAME)";
			};
			name = Debug;
		};
		FA4949CB2AD6E8ED00C62D74 /* Release */ = {
			isa = XCBuildConfiguration;
			buildSettings = {
				CODE_SIGN_STYLE = Automatic;
				PRELINK_LIBS = "";
				PRODUCT_NAME = "$(TARGET_NAME)";
			};
			name = Release;
		};
/* End XCBuildConfiguration section */

/* Begin XCConfigurationList section */
		FA4949BD2AD6E8ED00C62D74 /* Build configuration list for PBXProject "immer-test" */ = {
			isa = XCConfigurationList;
			buildConfigurations = (
				FA4949C72AD6E8ED00C62D74 /* Debug */,
				FA4949C82AD6E8ED00C62D74 /* Release */,
			);
			defaultConfigurationIsVisible = 0;
			defaultConfigurationName = Release;
		};
		FA4949C92AD6E8ED00C62D74 /* Build configuration list for PBXNativeTarget "immer-test" */ = {
			isa = XCConfigurationList;
			buildConfigurations = (
				FA4949CA2AD6E8ED00C62D74 /* Debug */,
				FA4949CB2AD6E8ED00C62D74 /* Release */,
			);
			defaultConfigurationIsVisible = 0;
			defaultConfigurationName = Release;
		};
/* End XCConfigurationList section */
	};
	rootObject = FA4949BA2AD6E8ED00C62D74 /* Project object */;
}
